
Microsoft Visual Studio Solution File, Format Version 12.00
# Visual Studio Version 16
VisualStudioVersion = 16.0.28803.352
MinimumVisualStudioVersion = 10.0.40219.1
Project("{FAE04EC0-301F-11D3-BF4B-00C04F79EFBC}") = "ClassLibrary1", "ClassLibrary1\ClassLibrary1.csproj", "{6511A7BB-8B98-43A7-AFA7-BA125B7FE718}"
EndProject
Global
	GlobalSection(SolutionConfigurationPlatforms) = preSolution
		Debug|Any CPU = Debug|Any CPU
		Release|Any CPU = Release|Any CPU
	EndGlobalSection
	GlobalSection(ProjectConfigurationPlatforms) = postSolution
		{6511A7BB-8B98-43A7-AFA7-BA125B7FE718}.Debug|Any CPU.ActiveCfg = Debug|Any CPU
		{6511A7BB-8B98-43A7-AFA7-BA125B7FE718}.Debug|Any CPU.Build.0 = Debug|Any CPU
		{6511A7BB-8B98-43A7-AFA7-BA125B7FE718}.Release|Any CPU.ActiveCfg = Release|Any CPU
		{6511A7BB-8B98-43A7-AFA7-BA125B7FE718}.Release|Any CPU.Build.0 = Release|Any CPU
	EndGlobalSection
	GlobalSection(SolutionProperties) = preSolution
		HideSolutionNode = FALSE
	EndGlobalSection
	GlobalSection(ExtensibilityGlobals) = postSolution
		SolutionGuid = {7D6B90ED-BBF7-4D4C-A788-252AD62D9B00}
	EndGlobalSection
EndGlobal
